
Microsoft Visual Studio Solution File, Format Version 12.00
# Visual Studio 15
VisualStudioVersion = 15.0.27703.2026
MinimumVisualStudioVersion = 10.0.40219.1
Project("{FAE04EC0-301F-11D3-BF4B-00C04F79EFBC}") = "MovieStore", "MovieStore\MovieStore.csproj", "{43CEF305-1A98-426B-8808-32B97A2FC7FA}"
EndProject
Project("{FAE04EC0-301F-11D3-BF4B-00C04F79EFBC}") = "MovieStore.Tests", "MovieStore.Tests\MovieStore.Tests.csproj", "{4437BFFB-84F9-476E-8EA2-158BADA61437}"
EndProject
Global
	GlobalSection(SolutionConfigurationPlatforms) = preSolution
		Debug|Any CPU = Debug|Any CPU
		Release|Any CPU = Release|Any CPU
	EndGlobalSection
	GlobalSection(ProjectConfigurationPlatforms) = postSolution
		{43CEF305-1A98-426B-8808-32B97A2FC7FA}.Debug|Any CPU.ActiveCfg = Debug|Any CPU
		{43CEF305-1A98-426B-8808-32B97A2FC7FA}.Debug|Any CPU.Build.0 = Debug|Any CPU
		{43CEF305-1A98-426B-8808-32B97A2FC7FA}.Release|Any CPU.ActiveCfg = Release|Any CPU
		{43CEF305-1A98-426B-8808-32B97A2FC7FA}.Release|Any CPU.Build.0 = Release|Any CPU
		{4437BFFB-84F9-476E-8EA2-158BADA61437}.Debug|Any CPU.ActiveCfg = Debug|Any CPU
		{4437BFFB-84F9-476E-8EA2-158BADA61437}.Debug|Any CPU.Build.0 = Debug|Any CPU
		{4437BFFB-84F9-476E-8EA2-158BADA61437}.Release|Any CPU.ActiveCfg = Release|Any CPU
		{4437BFFB-84F9-476E-8EA2-158BADA61437}.Release|Any CPU.Build.0 = Release|Any CPU
	EndGlobalSection
	GlobalSection(SolutionProperties) = preSolution
		HideSolutionNode = FALSE
	EndGlobalSection
	GlobalSection(ExtensibilityGlobals) = postSolution
		SolutionGuid = {9EF54B01-9F2F-4AC5-AFD8-C90AA4EF92B2}
	EndGlobalSection
EndGlobal
